{
  "name": "livekit-plugins-llama-index",
  "version": "0.1.1",
  "lockfileVersion": 3,
  "requires": true,
  "packages": {
    "": {
      "name": "livekit-plugins-llama-index",
      "version": "0.1.1",
      "dependencies": {
        "livekit-plugins-llama-index": "file:"
      }
    },
    "node_modules/livekit-plugins-llama-index": {
      "resolved": "",
      "link": true
    }
  }
}
