{
  "name": "livekit-plugins-browser",
  "version": "0.0.2",
  "lockfileVersion": 3,
  "requires": true,
  "packages": {
    "": {
      "name": "livekit-plugins-browser",
      "version": "0.0.2",
      "dependencies": {
        "livekit-plugins-browser": "file:"
      }
    },
    "node_modules/livekit-plugins-browser": {
      "resolved": "",
      "link": true
    }
  }
}
