{
  "name": "livekit-agents",
  "version": "0.10.2",
  "lockfileVersion": 3,
  "requires": true,
  "packages": {
    "": {
      "name": "livekit-agents",
      "version": "0.10.2",
      "dependencies": {
        "livekit-agents": "file:"
      }
    },
    "node_modules/livekit-agents": {
      "resolved": "",
      "link": true
    }
  }
}
