{
  "name": "livekit-plugins-elevenlabs",
  "version": "0.7.5",
  "lockfileVersion": 3,
  "requires": true,
  "packages": {
    "": {
      "name": "livekit-plugins-elevenlabs",
      "version": "0.7.5",
      "dependencies": {
        "livekit-plugins-elevenlabs": "file:"
      }
    },
    "node_modules/livekit-plugins-elevenlabs": {
      "resolved": "",
      "link": true
    }
  }
}
