{
  "name": "livekit-plugins-nltk",
  "version": "0.7.2",
  "lockfileVersion": 3,
  "requires": true,
  "packages": {
    "": {
      "name": "livekit-plugins-nltk",
      "version": "0.7.2",
      "dependencies": {
        "livekit-plugins-nltk": "file:"
      }
    },
    "node_modules/livekit-plugins-nltk": {
      "resolved": "",
      "link": true
    }
  }
}
