{
  "name": "livekit-plugins-openai",
  "version": "0.10.4",
  "lockfileVersion": 3,
  "requires": true,
  "packages": {
    "": {
      "name": "livekit-plugins-openai",
      "version": "0.10.4",
      "dependencies": {
        "livekit-plugins-openai": "file:"
      }
    },
    "node_modules/livekit-plugins-openai": {
      "resolved": "",
      "link": true
    }
  }
}
