{
  "name": "livekit-plugins-deepgram",
  "version": "0.6.8",
  "lockfileVersion": 3,
  "requires": true,
  "packages": {
    "": {
      "name": "livekit-plugins-deepgram",
      "version": "0.6.8",
      "dependencies": {
        "livekit-plugins-deepgram": "file:"
      }
    },
    "node_modules/livekit-plugins-deepgram": {
      "resolved": "",
      "link": true
    }
  }
}
