{
  "name": "livekit-plugins-dify",
  "version": "0.2.0",
  "lockfileVersion": 3,
  "requires": true,
  "packages": {
    "": {
      "name": "livekit-plugins-dify",
      "version": "0.2.0",
      "dependencies": {
        "livekit-plugins-dify": "file:"
      }
    },
    "node_modules/livekit-plugins-dify": {
      "resolved": "",
      "link": true
    }
  }
}
