{
    "name": "livekit-plugins-playht",
    "version": "1.0.0",
    "lockfileVersion": 3,
    "requires": true,
    "packages": {
        "": {
            "name": "livekit-plugins-playht",
            "version": "1.0.0",
            "dependencies": {
                "livekit-plugins-playht": "file:"
            }
        },
        "node_modules/livekit-plugins-playht": {
            "resolved": "",
            "link": true
        }
    }
}
