{
  "name": "livekit-plugins-cartesia",
  "version": "0.4.2",
  "lockfileVersion": 3,
  "requires": true,
  "packages": {
    "": {
      "name": "livekit-plugins-cartesia",
      "version": "0.4.2",
      "dependencies": {
        "livekit-plugins-cartesia": "file:"
      }
    },
    "node_modules/livekit-plugins-cartesia": {
      "resolved": "",
      "link": true
    }
  }
}
