{
  "name": "livekit-plugins-anthropic",
  "version": "0.2.1",
  "lockfileVersion": 3,
  "requires": true,
  "packages": {
    "": {
      "name": "livekit-plugins-anthropic",
      "version": "0.2.1",
      "dependencies": {
        "livekit-plugins-anthropic": "file:"
      }
    },
    "node_modules/livekit-plugins-anthropic": {
      "resolved": "",
      "link": true
    }
  }
}
